
Microsoft Visual Studio Solution File, Format Version 12.00
# Visual Studio 14
VisualStudioVersion = 14.0.22823.1
MinimumVisualStudioVersion = 10.0.40219.1
Project("{2150E333-8FDC-42A3-9474-1A3956D46DE8}") = "Solution Items", "Solution Items", "{CEF0EEA2-EEE9-478F-886E-4C8BE7A2DB5A}"
	ProjectSection(SolutionItems) = preProject
		appveyor.yml = appveyor.yml
		build.cmd = build.cmd
		build.fsx = build.fsx
	EndProjectSection
EndProject
Global
	GlobalSection(SolutionProperties) = preSolution
		HideSolutionNode = FALSE
	EndGlobalSection
EndGlobal
