
Microsoft Visual Studio Solution File, Format Version 12.00
# Visual Studio 14
VisualStudioVersion = 14.0.23107.0
MinimumVisualStudioVersion = 10.0.40219.1
Project("{2150E333-8FDC-42A3-9474-1A3956D46DE8}") = "Solution Items", "Solution Items", "{CEF0EEA2-EEE9-478F-886E-4C8BE7A2DB5A}"
	ProjectSection(SolutionItems) = preProject
		appveyor.yml = appveyor.yml
		build.cmd = build.cmd
		build.fsx = build.fsx
		README.md = README.md
	EndProjectSection
EndProject
Project("{FAE04EC0-301F-11D3-BF4B-00C04F79EFBC}") = "Specs", "Specs\Specs\Specs.csproj", "{0A3B5A24-9570-4106-9298-1754636FE18C}"
EndProject
Project("{FAE04EC0-301F-11D3-BF4B-00C04F79EFBC}") = "Intake.Domain", "src\Intake.Domain\Intake.Domain.csproj", "{AB060063-C98C-4524-8E88-DDA88ECCBC47}"
EndProject
Project("{2150E333-8FDC-42A3-9474-1A3956D46DE8}") = "Intake", "Intake", "{A694DDC9-D64B-4A5B-B790-A6E4E758C789}"
EndProject
Project("{FAE04EC0-301F-11D3-BF4B-00C04F79EFBC}") = "Intake.Data", "src\Intake.Data\Intake.Data.csproj", "{AD8121C3-1AF2-4F54-9B0C-C3FAD0D3C611}"
EndProject
Project("{FAE04EC0-301F-11D3-BF4B-00C04F79EFBC}") = "Intake.Integration", "src\Intake.Integration\Intake.Integration.csproj", "{6460C4BD-1604-4E2D-8A57-9B0CB4703E10}"
EndProject
Project("{2150E333-8FDC-42A3-9474-1A3956D46DE8}") = "Infrastructure", "Infrastructure", "{E02CAAD6-3D97-4C8C-B753-598CFA6AD044}"
EndProject
Project("{FAE04EC0-301F-11D3-BF4B-00C04F79EFBC}") = "Core", "src\Core\Core.csproj", "{A2B25AC4-F610-49BA-81E5-E7E1BBA7EBEA}"
EndProject
Project("{FAE04EC0-301F-11D3-BF4B-00C04F79EFBC}") = "Web", "src\Web\Web.csproj", "{C0F03DBF-A3D4-4113-853F-B98B889AB20D}"
EndProject
Project("{2150E333-8FDC-42A3-9474-1A3956D46DE8}") = "UnitTests", "UnitTests", "{1073ED82-34DD-4F09-AF49-36AE1602F8EB}"
EndProject
Project("{FAE04EC0-301F-11D3-BF4B-00C04F79EFBC}") = "Intake.UnitTests", "tests\Intake.UnitTests\Intake.UnitTests.csproj", "{E27CC8A1-D47C-4450-978A-EC9E88459B91}"
EndProject
Project("{FAE04EC0-301F-11D3-BF4B-00C04F79EFBC}") = "TestingFramework", "TestingFramework\TestingFramework.csproj", "{3062968B-1D45-4D7A-AC0B-6B8C67789344}"
EndProject
Global
	GlobalSection(SolutionConfigurationPlatforms) = preSolution
		Base|Any CPU = Base|Any CPU
		Debug|Any CPU = Debug|Any CPU
		Release|Any CPU = Release|Any CPU
	EndGlobalSection
	GlobalSection(ProjectConfigurationPlatforms) = postSolution
		{0A3B5A24-9570-4106-9298-1754636FE18C}.Base|Any CPU.ActiveCfg = Base|Any CPU
		{0A3B5A24-9570-4106-9298-1754636FE18C}.Base|Any CPU.Build.0 = Base|Any CPU
		{0A3B5A24-9570-4106-9298-1754636FE18C}.Debug|Any CPU.ActiveCfg = Debug|Any CPU
		{0A3B5A24-9570-4106-9298-1754636FE18C}.Debug|Any CPU.Build.0 = Debug|Any CPU
		{0A3B5A24-9570-4106-9298-1754636FE18C}.Release|Any CPU.ActiveCfg = Release|Any CPU
		{0A3B5A24-9570-4106-9298-1754636FE18C}.Release|Any CPU.Build.0 = Release|Any CPU
		{AB060063-C98C-4524-8E88-DDA88ECCBC47}.Base|Any CPU.ActiveCfg = Base|Any CPU
		{AB060063-C98C-4524-8E88-DDA88ECCBC47}.Base|Any CPU.Build.0 = Base|Any CPU
		{AB060063-C98C-4524-8E88-DDA88ECCBC47}.Debug|Any CPU.ActiveCfg = Debug|Any CPU
		{AB060063-C98C-4524-8E88-DDA88ECCBC47}.Debug|Any CPU.Build.0 = Debug|Any CPU
		{AB060063-C98C-4524-8E88-DDA88ECCBC47}.Release|Any CPU.ActiveCfg = Release|Any CPU
		{AB060063-C98C-4524-8E88-DDA88ECCBC47}.Release|Any CPU.Build.0 = Release|Any CPU
		{AD8121C3-1AF2-4F54-9B0C-C3FAD0D3C611}.Base|Any CPU.ActiveCfg = Base|Any CPU
		{AD8121C3-1AF2-4F54-9B0C-C3FAD0D3C611}.Base|Any CPU.Build.0 = Base|Any CPU
		{AD8121C3-1AF2-4F54-9B0C-C3FAD0D3C611}.Debug|Any CPU.ActiveCfg = Debug|Any CPU
		{AD8121C3-1AF2-4F54-9B0C-C3FAD0D3C611}.Debug|Any CPU.Build.0 = Debug|Any CPU
		{AD8121C3-1AF2-4F54-9B0C-C3FAD0D3C611}.Release|Any CPU.ActiveCfg = Release|Any CPU
		{AD8121C3-1AF2-4F54-9B0C-C3FAD0D3C611}.Release|Any CPU.Build.0 = Release|Any CPU
		{6460C4BD-1604-4E2D-8A57-9B0CB4703E10}.Base|Any CPU.ActiveCfg = Base|Any CPU
		{6460C4BD-1604-4E2D-8A57-9B0CB4703E10}.Base|Any CPU.Build.0 = Base|Any CPU
		{6460C4BD-1604-4E2D-8A57-9B0CB4703E10}.Debug|Any CPU.ActiveCfg = Debug|Any CPU
		{6460C4BD-1604-4E2D-8A57-9B0CB4703E10}.Debug|Any CPU.Build.0 = Debug|Any CPU
		{6460C4BD-1604-4E2D-8A57-9B0CB4703E10}.Release|Any CPU.ActiveCfg = Release|Any CPU
		{6460C4BD-1604-4E2D-8A57-9B0CB4703E10}.Release|Any CPU.Build.0 = Release|Any CPU
		{A2B25AC4-F610-49BA-81E5-E7E1BBA7EBEA}.Base|Any CPU.ActiveCfg = Base|Any CPU
		{A2B25AC4-F610-49BA-81E5-E7E1BBA7EBEA}.Base|Any CPU.Build.0 = Base|Any CPU
		{A2B25AC4-F610-49BA-81E5-E7E1BBA7EBEA}.Debug|Any CPU.ActiveCfg = Debug|Any CPU
		{A2B25AC4-F610-49BA-81E5-E7E1BBA7EBEA}.Debug|Any CPU.Build.0 = Debug|Any CPU
		{A2B25AC4-F610-49BA-81E5-E7E1BBA7EBEA}.Release|Any CPU.ActiveCfg = Release|Any CPU
		{A2B25AC4-F610-49BA-81E5-E7E1BBA7EBEA}.Release|Any CPU.Build.0 = Release|Any CPU
		{C0F03DBF-A3D4-4113-853F-B98B889AB20D}.Base|Any CPU.ActiveCfg = Release|Any CPU
		{C0F03DBF-A3D4-4113-853F-B98B889AB20D}.Base|Any CPU.Build.0 = Release|Any CPU
		{C0F03DBF-A3D4-4113-853F-B98B889AB20D}.Debug|Any CPU.ActiveCfg = Debug|Any CPU
		{C0F03DBF-A3D4-4113-853F-B98B889AB20D}.Debug|Any CPU.Build.0 = Debug|Any CPU
		{C0F03DBF-A3D4-4113-853F-B98B889AB20D}.Release|Any CPU.ActiveCfg = Release|Any CPU
		{C0F03DBF-A3D4-4113-853F-B98B889AB20D}.Release|Any CPU.Build.0 = Release|Any CPU
		{E27CC8A1-D47C-4450-978A-EC9E88459B91}.Base|Any CPU.ActiveCfg = Base|Any CPU
		{E27CC8A1-D47C-4450-978A-EC9E88459B91}.Base|Any CPU.Build.0 = Base|Any CPU
		{E27CC8A1-D47C-4450-978A-EC9E88459B91}.Debug|Any CPU.ActiveCfg = Debug|Any CPU
		{E27CC8A1-D47C-4450-978A-EC9E88459B91}.Debug|Any CPU.Build.0 = Debug|Any CPU
		{E27CC8A1-D47C-4450-978A-EC9E88459B91}.Release|Any CPU.ActiveCfg = Release|Any CPU
		{E27CC8A1-D47C-4450-978A-EC9E88459B91}.Release|Any CPU.Build.0 = Release|Any CPU
		{3062968B-1D45-4D7A-AC0B-6B8C67789344}.Base|Any CPU.ActiveCfg = Release|Any CPU
		{3062968B-1D45-4D7A-AC0B-6B8C67789344}.Base|Any CPU.Build.0 = Release|Any CPU
		{3062968B-1D45-4D7A-AC0B-6B8C67789344}.Debug|Any CPU.ActiveCfg = Debug|Any CPU
		{3062968B-1D45-4D7A-AC0B-6B8C67789344}.Debug|Any CPU.Build.0 = Debug|Any CPU
		{3062968B-1D45-4D7A-AC0B-6B8C67789344}.Release|Any CPU.ActiveCfg = Release|Any CPU
		{3062968B-1D45-4D7A-AC0B-6B8C67789344}.Release|Any CPU.Build.0 = Release|Any CPU
	EndGlobalSection
	GlobalSection(SolutionProperties) = preSolution
		HideSolutionNode = FALSE
	EndGlobalSection
	GlobalSection(NestedProjects) = preSolution
		{AB060063-C98C-4524-8E88-DDA88ECCBC47} = {A694DDC9-D64B-4A5B-B790-A6E4E758C789}
		{AD8121C3-1AF2-4F54-9B0C-C3FAD0D3C611} = {A694DDC9-D64B-4A5B-B790-A6E4E758C789}
		{6460C4BD-1604-4E2D-8A57-9B0CB4703E10} = {A694DDC9-D64B-4A5B-B790-A6E4E758C789}
		{A2B25AC4-F610-49BA-81E5-E7E1BBA7EBEA} = {E02CAAD6-3D97-4C8C-B753-598CFA6AD044}
		{E27CC8A1-D47C-4450-978A-EC9E88459B91} = {1073ED82-34DD-4F09-AF49-36AE1602F8EB}
	EndGlobalSection
EndGlobal
